
Microsoft Visual Studio Solution File, Format Version 11.00
# Visual Studio 2010
Project("{FAE04EC0-301F-11D3-BF4B-00C04F79EFBC}") = "SimplicityReportTest", "SimplicityReportTest\SimplicityReportTest.csproj", "{2E41E096-6C61-47E3-8DEC-A292B5A9DE41}"
EndProject
Project("{54435603-DBB4-11D2-8724-00A0C9A8B90C}") = "SCReportsWebSetup", "SCReportsWebSetup\SCReportsWebSetup.vdproj", "{FD29D755-8AAA-46BF-A86D-3403CD325D6F}"
EndProject
Global
	GlobalSection(SolutionConfigurationPlatforms) = preSolution
		Debug|Any CPU = Debug|Any CPU
		Debug|x64 = Debug|x64
		Release|Any CPU = Release|Any CPU
		Release|x64 = Release|x64
	EndGlobalSection
	GlobalSection(ProjectConfigurationPlatforms) = postSolution
		{2E41E096-6C61-47E3-8DEC-A292B5A9DE41}.Debug|Any CPU.ActiveCfg = Debug|Any CPU
		{2E41E096-6C61-47E3-8DEC-A292B5A9DE41}.Debug|Any CPU.Build.0 = Debug|Any CPU
		{2E41E096-6C61-47E3-8DEC-A292B5A9DE41}.Debug|x64.ActiveCfg = Debug|x64
		{2E41E096-6C61-47E3-8DEC-A292B5A9DE41}.Debug|x64.Build.0 = Debug|x64
		{2E41E096-6C61-47E3-8DEC-A292B5A9DE41}.Release|Any CPU.ActiveCfg = Release|x64
		{2E41E096-6C61-47E3-8DEC-A292B5A9DE41}.Release|Any CPU.Build.0 = Release|x64
		{2E41E096-6C61-47E3-8DEC-A292B5A9DE41}.Release|x64.ActiveCfg = Release|Any CPU
		{2E41E096-6C61-47E3-8DEC-A292B5A9DE41}.Release|x64.Build.0 = Release|Any CPU
		{FD29D755-8AAA-46BF-A86D-3403CD325D6F}.Debug|Any CPU.ActiveCfg = Debug
		{FD29D755-8AAA-46BF-A86D-3403CD325D6F}.Debug|x64.ActiveCfg = Debug
		{FD29D755-8AAA-46BF-A86D-3403CD325D6F}.Debug|x64.Build.0 = Debug
		{FD29D755-8AAA-46BF-A86D-3403CD325D6F}.Release|Any CPU.ActiveCfg = Release
		{FD29D755-8AAA-46BF-A86D-3403CD325D6F}.Release|x64.ActiveCfg = Release
		{FD29D755-8AAA-46BF-A86D-3403CD325D6F}.Release|x64.Build.0 = Release
	EndGlobalSection
	GlobalSection(SolutionProperties) = preSolution
		HideSolutionNode = FALSE
	EndGlobalSection
EndGlobal
